
Microsoft Visual Studio Solution File, Format Version 12.00
# Visual Studio Version 17
VisualStudioVersion = 17.5.33414.496
MinimumVisualStudioVersion = 10.0.40219.1
Project("{9A19103F-16F7-4668-BE54-9A1E7A4F7556}") = "SantiyeOnMuh.WebUI", "SantiyeOnMuh.WebUI\SantiyeOnMuh.WebUI.csproj", "{35506DE7-B128-40D3-9558-AD510EADF85C}"
EndProject
Project("{FAE04EC0-301F-11D3-BF4B-00C04F79EFBC}") = "SantiyeOnMuh.Entity", "SantiyeOnMuh.Entity\SantiyeOnMuh.Entity.csproj", "{B606BC01-85D1-44F8-BCDD-B61E05443D62}"
EndProject
Project("{FAE04EC0-301F-11D3-BF4B-00C04F79EFBC}") = "SantiyeOnMuh.DataAccess", "SantiyeOnMuh.DataAccess\SantiyeOnMuh.DataAccess.csproj", "{C153D2D6-C70A-4F35-A7B3-57CC6B005247}"
EndProject
Global
	GlobalSection(SolutionConfigurationPlatforms) = preSolution
		Debug|Any CPU = Debug|Any CPU
		Release|Any CPU = Release|Any CPU
	EndGlobalSection
	GlobalSection(ProjectConfigurationPlatforms) = postSolution
		{35506DE7-B128-40D3-9558-AD510EADF85C}.Debug|Any CPU.ActiveCfg = Debug|Any CPU
		{35506DE7-B128-40D3-9558-AD510EADF85C}.Debug|Any CPU.Build.0 = Debug|Any CPU
		{35506DE7-B128-40D3-9558-AD510EADF85C}.Release|Any CPU.ActiveCfg = Release|Any CPU
		{35506DE7-B128-40D3-9558-AD510EADF85C}.Release|Any CPU.Build.0 = Release|Any CPU
		{B606BC01-85D1-44F8-BCDD-B61E05443D62}.Debug|Any CPU.ActiveCfg = Debug|Any CPU
		{B606BC01-85D1-44F8-BCDD-B61E05443D62}.Debug|Any CPU.Build.0 = Debug|Any CPU
		{B606BC01-85D1-44F8-BCDD-B61E05443D62}.Release|Any CPU.ActiveCfg = Release|Any CPU
		{B606BC01-85D1-44F8-BCDD-B61E05443D62}.Release|Any CPU.Build.0 = Release|Any CPU
		{C153D2D6-C70A-4F35-A7B3-57CC6B005247}.Debug|Any CPU.ActiveCfg = Debug|Any CPU
		{C153D2D6-C70A-4F35-A7B3-57CC6B005247}.Debug|Any CPU.Build.0 = Debug|Any CPU
		{C153D2D6-C70A-4F35-A7B3-57CC6B005247}.Release|Any CPU.ActiveCfg = Release|Any CPU
		{C153D2D6-C70A-4F35-A7B3-57CC6B005247}.Release|Any CPU.Build.0 = Release|Any CPU
	EndGlobalSection
	GlobalSection(SolutionProperties) = preSolution
		HideSolutionNode = FALSE
	EndGlobalSection
	GlobalSection(ExtensibilityGlobals) = postSolution
		SolutionGuid = {0DB57AA0-B198-4F0F-8221-76D5F38B9CEE}
	EndGlobalSection
EndGlobal
